
Microsoft Visual Studio Solution File, Format Version 12.00
# Visual Studio Version 17
VisualStudioVersion = 17.0.31903.59
MinimumVisualStudioVersion = 10.0.40219.1
Project("{2150E333-8FDC-42A3-9474-1A3956D46DE8}") = "src", "src", "{827E0CD3-B72D-47B6-A68D-7590B98EB39B}"
EndProject
Project("{FAE04EC0-301F-11D3-BF4B-00C04F79EFBC}") = "GroundUp.Core", "src\GroundUp.Core\GroundUp.Core.csproj", "{6D47ACC0-8A66-4D22-87A2-5B8A864B563B}"
EndProject
Project("{FAE04EC0-301F-11D3-BF4B-00C04F79EFBC}") = "GroundUp.Events", "src\GroundUp.Events\GroundUp.Events.csproj", "{4685D202-C95C-40E7-859B-F82BD9F65A2B}"
EndProject
Project("{FAE04EC0-301F-11D3-BF4B-00C04F79EFBC}") = "GroundUp.Data.Abstractions", "src\GroundUp.Data.Abstractions\GroundUp.Data.Abstractions.csproj", "{8AAB8F19-B151-41A9-9F5B-C2B8F5A52C8D}"
EndProject
Project("{FAE04EC0-301F-11D3-BF4B-00C04F79EFBC}") = "GroundUp.Repositories", "src\GroundUp.Repositories\GroundUp.Repositories.csproj", "{A4B891FC-021C-444F-8B4D-46EA11D0F2E9}"
EndProject
Project("{FAE04EC0-301F-11D3-BF4B-00C04F79EFBC}") = "GroundUp.Data.Postgres", "src\GroundUp.Data.Postgres\GroundUp.Data.Postgres.csproj", "{AA427630-BFC9-4826-BB60-A5DD77CB7DBD}"
EndProject
Project("{FAE04EC0-301F-11D3-BF4B-00C04F79EFBC}") = "GroundUp.Services", "src\GroundUp.Services\GroundUp.Services.csproj", "{D5A608DD-3378-49D4-AC8D-A0DADEA94666}"
EndProject
Project("{FAE04EC0-301F-11D3-BF4B-00C04F79EFBC}") = "GroundUp.Api", "src\GroundUp.Api\GroundUp.Api.csproj", "{1976CB29-9288-479B-A787-D60DBC2317D6}"
EndProject
Project("{2150E333-8FDC-42A3-9474-1A3956D46DE8}") = "samples", "samples", "{5D20AA90-6969-D8BD-9DCD-8634F4692FDA}"
EndProject
Project("{FAE04EC0-301F-11D3-BF4B-00C04F79EFBC}") = "GroundUp.Sample", "samples\GroundUp.Sample\GroundUp.Sample.csproj", "{997104D4-C888-49AC-B51B-DE6501F92B39}"
EndProject
Project("{2150E333-8FDC-42A3-9474-1A3956D46DE8}") = "tests", "tests", "{0AB3BF05-4346-4AA6-1389-037BE0695223}"
EndProject
Project("{FAE04EC0-301F-11D3-BF4B-00C04F79EFBC}") = "GroundUp.Tests.Unit", "tests\GroundUp.Tests.Unit\GroundUp.Tests.Unit.csproj", "{34144AD0-5CBD-40F0-A202-0787A709F85F}"
EndProject
Project("{FAE04EC0-301F-11D3-BF4B-00C04F79EFBC}") = "GroundUp.Tests.Integration", "tests\GroundUp.Tests.Integration\GroundUp.Tests.Integration.csproj", "{39282C72-6ED7-49ED-89B3-019F619FFB17}"
EndProject
Global
	GlobalSection(SolutionConfigurationPlatforms) = preSolution
		Debug|Any CPU = Debug|Any CPU
		Debug|x64 = Debug|x64
		Debug|x86 = Debug|x86
		Release|Any CPU = Release|Any CPU
		Release|x64 = Release|x64
		Release|x86 = Release|x86
	EndGlobalSection
	GlobalSection(ProjectConfigurationPlatforms) = postSolution
		{6D47ACC0-8A66-4D22-87A2-5B8A864B563B}.Debug|Any CPU.ActiveCfg = Debug|Any CPU
		{6D47ACC0-8A66-4D22-87A2-5B8A864B563B}.Debug|Any CPU.Build.0 = Debug|Any CPU
		{6D47ACC0-8A66-4D22-87A2-5B8A864B563B}.Debug|x64.ActiveCfg = Debug|Any CPU
		{6D47ACC0-8A66-4D22-87A2-5B8A864B563B}.Debug|x64.Build.0 = Debug|Any CPU
		{6D47ACC0-8A66-4D22-87A2-5B8A864B563B}.Debug|x86.ActiveCfg = Debug|Any CPU
		{6D47ACC0-8A66-4D22-87A2-5B8A864B563B}.Debug|x86.Build.0 = Debug|Any CPU
		{6D47ACC0-8A66-4D22-87A2-5B8A864B563B}.Release|Any CPU.ActiveCfg = Release|Any CPU
		{6D47ACC0-8A66-4D22-87A2-5B8A864B563B}.Release|Any CPU.Build.0 = Release|Any CPU
		{6D47ACC0-8A66-4D22-87A2-5B8A864B563B}.Release|x64.ActiveCfg = Release|Any CPU
		{6D47ACC0-8A66-4D22-87A2-5B8A864B563B}.Release|x64.Build.0 = Release|Any CPU
		{6D47ACC0-8A66-4D22-87A2-5B8A864B563B}.Release|x86.ActiveCfg = Release|Any CPU
		{6D47ACC0-8A66-4D22-87A2-5B8A864B563B}.Release|x86.Build.0 = Release|Any CPU
		{4685D202-C95C-40E7-859B-F82BD9F65A2B}.Debug|Any CPU.ActiveCfg = Debug|Any CPU
		{4685D202-C95C-40E7-859B-F82BD9F65A2B}.Debug|Any CPU.Build.0 = Debug|Any CPU
		{4685D202-C95C-40E7-859B-F82BD9F65A2B}.Debug|x64.ActiveCfg = Debug|Any CPU
		{4685D202-C95C-40E7-859B-F82BD9F65A2B}.Debug|x64.Build.0 = Debug|Any CPU
		{4685D202-C95C-40E7-859B-F82BD9F65A2B}.Debug|x86.ActiveCfg = Debug|Any CPU
		{4685D202-C95C-40E7-859B-F82BD9F65A2B}.Debug|x86.Build.0 = Debug|Any CPU
		{4685D202-C95C-40E7-859B-F82BD9F65A2B}.Release|Any CPU.ActiveCfg = Release|Any CPU
		{4685D202-C95C-40E7-859B-F82BD9F65A2B}.Release|Any CPU.Build.0 = Release|Any CPU
		{4685D202-C95C-40E7-859B-F82BD9F65A2B}.Release|x64.ActiveCfg = Release|Any CPU
		{4685D202-C95C-40E7-859B-F82BD9F65A2B}.Release|x64.Build.0 = Release|Any CPU
		{4685D202-C95C-40E7-859B-F82BD9F65A2B}.Release|x86.ActiveCfg = Release|Any CPU
		{4685D202-C95C-40E7-859B-F82BD9F65A2B}.Release|x86.Build.0 = Release|Any CPU
		{8AAB8F19-B151-41A9-9F5B-C2B8F5A52C8D}.Debug|Any CPU.ActiveCfg = Debug|Any CPU
		{8AAB8F19-B151-41A9-9F5B-C2B8F5A52C8D}.Debug|Any CPU.Build.0 = Debug|Any CPU
		{8AAB8F19-B151-41A9-9F5B-C2B8F5A52C8D}.Debug|x64.ActiveCfg = Debug|Any CPU
		{8AAB8F19-B151-41A9-9F5B-C2B8F5A52C8D}.Debug|x64.Build.0 = Debug|Any CPU
		{8AAB8F19-B151-41A9-9F5B-C2B8F5A52C8D}.Debug|x86.ActiveCfg = Debug|Any CPU
		{8AAB8F19-B151-41A9-9F5B-C2B8F5A52C8D}.Debug|x86.Build.0 = Debug|Any CPU
		{8AAB8F19-B151-41A9-9F5B-C2B8F5A52C8D}.Release|Any CPU.ActiveCfg = Release|Any CPU
		{8AAB8F19-B151-41A9-9F5B-C2B8F5A52C8D}.Release|Any CPU.Build.0 = Release|Any CPU
		{8AAB8F19-B151-41A9-9F5B-C2B8F5A52C8D}.Release|x64.ActiveCfg = Release|Any CPU
		{8AAB8F19-B151-41A9-9F5B-C2B8F5A52C8D}.Release|x64.Build.0 = Release|Any CPU
		{8AAB8F19-B151-41A9-9F5B-C2B8F5A52C8D}.Release|x86.ActiveCfg = Release|Any CPU
		{8AAB8F19-B151-41A9-9F5B-C2B8F5A52C8D}.Release|x86.Build.0 = Release|Any CPU
		{A4B891FC-021C-444F-8B4D-46EA11D0F2E9}.Debug|Any CPU.ActiveCfg = Debug|Any CPU
		{A4B891FC-021C-444F-8B4D-46EA11D0F2E9}.Debug|Any CPU.Build.0 = Debug|Any CPU
		{A4B891FC-021C-444F-8B4D-46EA11D0F2E9}.Debug|x64.ActiveCfg = Debug|Any CPU
		{A4B891FC-021C-444F-8B4D-46EA11D0F2E9}.Debug|x64.Build.0 = Debug|Any CPU
		{A4B891FC-021C-444F-8B4D-46EA11D0F2E9}.Debug|x86.ActiveCfg = Debug|Any CPU
		{A4B891FC-021C-444F-8B4D-46EA11D0F2E9}.Debug|x86.Build.0 = Debug|Any CPU
		{A4B891FC-021C-444F-8B4D-46EA11D0F2E9}.Release|Any CPU.ActiveCfg = Release|Any CPU
		{A4B891FC-021C-444F-8B4D-46EA11D0F2E9}.Release|Any CPU.Build.0 = Release|Any CPU
		{A4B891FC-021C-444F-8B4D-46EA11D0F2E9}.Release|x64.ActiveCfg = Release|Any CPU
		{A4B891FC-021C-444F-8B4D-46EA11D0F2E9}.Release|x64.Build.0 = Release|Any CPU
		{A4B891FC-021C-444F-8B4D-46EA11D0F2E9}.Release|x86.ActiveCfg = Release|Any CPU
		{A4B891FC-021C-444F-8B4D-46EA11D0F2E9}.Release|x86.Build.0 = Release|Any CPU
		{AA427630-BFC9-4826-BB60-A5DD77CB7DBD}.Debug|Any CPU.ActiveCfg = Debug|Any CPU
		{AA427630-BFC9-4826-BB60-A5DD77CB7DBD}.Debug|Any CPU.Build.0 = Debug|Any CPU
		{AA427630-BFC9-4826-BB60-A5DD77CB7DBD}.Debug|x64.ActiveCfg = Debug|Any CPU
		{AA427630-BFC9-4826-BB60-A5DD77CB7DBD}.Debug|x64.Build.0 = Debug|Any CPU
		{AA427630-BFC9-4826-BB60-A5DD77CB7DBD}.Debug|x86.ActiveCfg = Debug|Any CPU
		{AA427630-BFC9-4826-BB60-A5DD77CB7DBD}.Debug|x86.Build.0 = Debug|Any CPU
		{AA427630-BFC9-4826-BB60-A5DD77CB7DBD}.Release|Any CPU.ActiveCfg = Release|Any CPU
		{AA427630-BFC9-4826-BB60-A5DD77CB7DBD}.Release|Any CPU.Build.0 = Release|Any CPU
		{AA427630-BFC9-4826-BB60-A5DD77CB7DBD}.Release|x64.ActiveCfg = Release|Any CPU
		{AA427630-BFC9-4826-BB60-A5DD77CB7DBD}.Release|x64.Build.0 = Release|Any CPU
		{AA427630-BFC9-4826-BB60-A5DD77CB7DBD}.Release|x86.ActiveCfg = Release|Any CPU
		{AA427630-BFC9-4826-BB60-A5DD77CB7DBD}.Release|x86.Build.0 = Release|Any CPU
		{D5A608DD-3378-49D4-AC8D-A0DADEA94666}.Debug|Any CPU.ActiveCfg = Debug|Any CPU
		{D5A608DD-3378-49D4-AC8D-A0DADEA94666}.Debug|Any CPU.Build.0 = Debug|Any CPU
		{D5A608DD-3378-49D4-AC8D-A0DADEA94666}.Debug|x64.ActiveCfg = Debug|Any CPU
		{D5A608DD-3378-49D4-AC8D-A0DADEA94666}.Debug|x64.Build.0 = Debug|Any CPU
		{D5A608DD-3378-49D4-AC8D-A0DADEA94666}.Debug|x86.ActiveCfg = Debug|Any CPU
		{D5A608DD-3378-49D4-AC8D-A0DADEA94666}.Debug|x86.Build.0 = Debug|Any CPU
		{D5A608DD-3378-49D4-AC8D-A0DADEA94666}.Release|Any CPU.ActiveCfg = Release|Any CPU
		{D5A608DD-3378-49D4-AC8D-A0DADEA94666}.Release|Any CPU.Build.0 = Release|Any CPU
		{D5A608DD-3378-49D4-AC8D-A0DADEA94666}.Release|x64.ActiveCfg = Release|Any CPU
		{D5A608DD-3378-49D4-AC8D-A0DADEA94666}.Release|x64.Build.0 = Release|Any CPU
		{D5A608DD-3378-49D4-AC8D-A0DADEA94666}.Release|x86.ActiveCfg = Release|Any CPU
		{D5A608DD-3378-49D4-AC8D-A0DADEA94666}.Release|x86.Build.0 = Release|Any CPU
		{1976CB29-9288-479B-A787-D60DBC2317D6}.Debug|Any CPU.ActiveCfg = Debug|Any CPU
		{1976CB29-9288-479B-A787-D60DBC2317D6}.Debug|Any CPU.Build.0 = Debug|Any CPU
		{1976CB29-9288-479B-A787-D60DBC2317D6}.Debug|x64.ActiveCfg = Debug|Any CPU
		{1976CB29-9288-479B-A787-D60DBC2317D6}.Debug|x64.Build.0 = Debug|Any CPU
		{1976CB29-9288-479B-A787-D60DBC2317D6}.Debug|x86.ActiveCfg = Debug|Any CPU
		{1976CB29-9288-479B-A787-D60DBC2317D6}.Debug|x86.Build.0 = Debug|Any CPU
		{1976CB29-9288-479B-A787-D60DBC2317D6}.Release|Any CPU.ActiveCfg = Release|Any CPU
		{1976CB29-9288-479B-A787-D60DBC2317D6}.Release|Any CPU.Build.0 = Release|Any CPU
		{1976CB29-9288-479B-A787-D60DBC2317D6}.Release|x64.ActiveCfg = Release|Any CPU
		{1976CB29-9288-479B-A787-D60DBC2317D6}.Release|x64.Build.0 = Release|Any CPU
		{1976CB29-9288-479B-A787-D60DBC2317D6}.Release|x86.ActiveCfg = Release|Any CPU
		{1976CB29-9288-479B-A787-D60DBC2317D6}.Release|x86.Build.0 = Release|Any CPU
		{997104D4-C888-49AC-B51B-DE6501F92B39}.Debug|Any CPU.ActiveCfg = Debug|Any CPU
		{997104D4-C888-49AC-B51B-DE6501F92B39}.Debug|Any CPU.Build.0 = Debug|Any CPU
		{997104D4-C888-49AC-B51B-DE6501F92B39}.Debug|x64.ActiveCfg = Debug|Any CPU
		{997104D4-C888-49AC-B51B-DE6501F92B39}.Debug|x64.Build.0 = Debug|Any CPU
		{997104D4-C888-49AC-B51B-DE6501F92B39}.Debug|x86.ActiveCfg = Debug|Any CPU
		{997104D4-C888-49AC-B51B-DE6501F92B39}.Debug|x86.Build.0 = Debug|Any CPU
		{997104D4-C888-49AC-B51B-DE6501F92B39}.Release|Any CPU.ActiveCfg = Release|Any CPU
		{997104D4-C888-49AC-B51B-DE6501F92B39}.Release|Any CPU.Build.0 = Release|Any CPU
		{997104D4-C888-49AC-B51B-DE6501F92B39}.Release|x64.ActiveCfg = Release|Any CPU
		{997104D4-C888-49AC-B51B-DE6501F92B39}.Release|x64.Build.0 = Release|Any CPU
		{997104D4-C888-49AC-B51B-DE6501F92B39}.Release|x86.ActiveCfg = Release|Any CPU
		{997104D4-C888-49AC-B51B-DE6501F92B39}.Release|x86.Build.0 = Release|Any CPU
		{34144AD0-5CBD-40F0-A202-0787A709F85F}.Debug|Any CPU.ActiveCfg = Debug|Any CPU
		{34144AD0-5CBD-40F0-A202-0787A709F85F}.Debug|Any CPU.Build.0 = Debug|Any CPU
		{34144AD0-5CBD-40F0-A202-0787A709F85F}.Debug|x64.ActiveCfg = Debug|Any CPU
		{34144AD0-5CBD-40F0-A202-0787A709F85F}.Debug|x64.Build.0 = Debug|Any CPU
		{34144AD0-5CBD-40F0-A202-0787A709F85F}.Debug|x86.ActiveCfg = Debug|Any CPU
		{34144AD0-5CBD-40F0-A202-0787A709F85F}.Debug|x86.Build.0 = Debug|Any CPU
		{34144AD0-5CBD-40F0-A202-0787A709F85F}.Release|Any CPU.ActiveCfg = Release|Any CPU
		{34144AD0-5CBD-40F0-A202-0787A709F85F}.Release|Any CPU.Build.0 = Release|Any CPU
		{34144AD0-5CBD-40F0-A202-0787A709F85F}.Release|x64.ActiveCfg = Release|Any CPU
		{34144AD0-5CBD-40F0-A202-0787A709F85F}.Release|x64.Build.0 = Release|Any CPU
		{34144AD0-5CBD-40F0-A202-0787A709F85F}.Release|x86.ActiveCfg = Release|Any CPU
		{34144AD0-5CBD-40F0-A202-0787A709F85F}.Release|x86.Build.0 = Release|Any CPU
		{39282C72-6ED7-49ED-89B3-019F619FFB17}.Debug|Any CPU.ActiveCfg = Debug|Any CPU
		{39282C72-6ED7-49ED-89B3-019F619FFB17}.Debug|Any CPU.Build.0 = Debug|Any CPU
		{39282C72-6ED7-49ED-89B3-019F619FFB17}.Debug|x64.ActiveCfg = Debug|Any CPU
		{39282C72-6ED7-49ED-89B3-019F619FFB17}.Debug|x64.Build.0 = Debug|Any CPU
		{39282C72-6ED7-49ED-89B3-019F619FFB17}.Debug|x86.ActiveCfg = Debug|Any CPU
		{39282C72-6ED7-49ED-89B3-019F619FFB17}.Debug|x86.Build.0 = Debug|Any CPU
		{39282C72-6ED7-49ED-89B3-019F619FFB17}.Release|Any CPU.ActiveCfg = Release|Any CPU
		{39282C72-6ED7-49ED-89B3-019F619FFB17}.Release|Any CPU.Build.0 = Release|Any CPU
		{39282C72-6ED7-49ED-89B3-019F619FFB17}.Release|x64.ActiveCfg = Release|Any CPU
		{39282C72-6ED7-49ED-89B3-019F619FFB17}.Release|x64.Build.0 = Release|Any CPU
		{39282C72-6ED7-49ED-89B3-019F619FFB17}.Release|x86.ActiveCfg = Release|Any CPU
		{39282C72-6ED7-49ED-89B3-019F619FFB17}.Release|x86.Build.0 = Release|Any CPU
	EndGlobalSection
	GlobalSection(SolutionProperties) = preSolution
		HideSolutionNode = FALSE
	EndGlobalSection
	GlobalSection(NestedProjects) = preSolution
		{6D47ACC0-8A66-4D22-87A2-5B8A864B563B} = {827E0CD3-B72D-47B6-A68D-7590B98EB39B}
		{4685D202-C95C-40E7-859B-F82BD9F65A2B} = {827E0CD3-B72D-47B6-A68D-7590B98EB39B}
		{8AAB8F19-B151-41A9-9F5B-C2B8F5A52C8D} = {827E0CD3-B72D-47B6-A68D-7590B98EB39B}
		{A4B891FC-021C-444F-8B4D-46EA11D0F2E9} = {827E0CD3-B72D-47B6-A68D-7590B98EB39B}
		{AA427630-BFC9-4826-BB60-A5DD77CB7DBD} = {827E0CD3-B72D-47B6-A68D-7590B98EB39B}
		{D5A608DD-3378-49D4-AC8D-A0DADEA94666} = {827E0CD3-B72D-47B6-A68D-7590B98EB39B}
		{1976CB29-9288-479B-A787-D60DBC2317D6} = {827E0CD3-B72D-47B6-A68D-7590B98EB39B}
		{997104D4-C888-49AC-B51B-DE6501F92B39} = {5D20AA90-6969-D8BD-9DCD-8634F4692FDA}
		{34144AD0-5CBD-40F0-A202-0787A709F85F} = {0AB3BF05-4346-4AA6-1389-037BE0695223}
		{39282C72-6ED7-49ED-89B3-019F619FFB17} = {0AB3BF05-4346-4AA6-1389-037BE0695223}
	EndGlobalSection
EndGlobal
